
Microsoft Visual Studio Solution File, Format Version 12.00
# Visual Studio Version 17
VisualStudioVersion = 17.4.33403.182
MinimumVisualStudioVersion = 10.0.40219.1
Project("{FAE04EC0-301F-11D3-BF4B-00C04F79EFBC}") = "Lab2_0", "Lab2_0\Lab2_0.csproj", "{05D1CA17-D6B5-414B-92AE-D25B5A2C0800}"
EndProject
Project("{FAE04EC0-301F-11D3-BF4B-00C04F79EFBC}") = "Lab2_1", "Lab2_1\Lab2_1.csproj", "{E7AB0F2F-F478-4FD4-BE8B-1E931431D439}"
EndProject
Project("{FAE04EC0-301F-11D3-BF4B-00C04F79EFBC}") = "Lab2_2", "Lab2_2\Lab2_2.csproj", "{6536480A-2AF2-49D4-BCDC-298B9EA1C73E}"
EndProject
Project("{FAE04EC0-301F-11D3-BF4B-00C04F79EFBC}") = "Lab2_3", "Lab2_3\Lab2_3.csproj", "{DA8677D0-4518-4EA5-9635-AB0A9191A8E9}"
EndProject
Project("{FAE04EC0-301F-11D3-BF4B-00C04F79EFBC}") = "Lab2_4", "Lab2_4\Lab2_4.csproj", "{C50B4EC6-06D7-4B7A-B334-2D95D08DEFBE}"
EndProject
Project("{FAE04EC0-301F-11D3-BF4B-00C04F79EFBC}") = "Lab2_5", "Lab2_5\Lab2_5.csproj", "{72E9C155-A2A9-4553-8D58-F5F2A510037C}"
EndProject
Project("{FAE04EC0-301F-11D3-BF4B-00C04F79EFBC}") = "Vd2.1", "Vd2.1\Vd2.1.csproj", "{D05B7DB3-330E-42D9-A618-FA5395424C7B}"
EndProject
Project("{FAE04EC0-301F-11D3-BF4B-00C04F79EFBC}") = "Vd2.2", "Vd2.2\Vd2.2.csproj", "{6D440989-99DD-4CFF-B1BD-F28B4199C085}"
EndProject
Project("{FAE04EC0-301F-11D3-BF4B-00C04F79EFBC}") = "Vd2.3", "Vd2.3\Vd2.3.csproj", "{636D09C4-9A09-4A32-9A39-0A345319690D}"
EndProject
Project("{FAE04EC0-301F-11D3-BF4B-00C04F79EFBC}") = "Vd2.4", "Vd2.4\Vd2.4.csproj", "{0BE54012-6659-4FBD-A3ED-657199DD76A2}"
EndProject
Project("{FAE04EC0-301F-11D3-BF4B-00C04F79EFBC}") = "Vd2.5", "Vd2.5\Vd2.5.csproj", "{A8DDC0A2-AE95-43D5-B2DD-1AE910AA366D}"
EndProject
Project("{FAE04EC0-301F-11D3-BF4B-00C04F79EFBC}") = "Vd2.6", "Vd2.6\Vd2.6.csproj", "{E854C589-C5F6-446E-93DC-635EC24F9F7B}"
EndProject
Project("{FAE04EC0-301F-11D3-BF4B-00C04F79EFBC}") = "Vd2.7", "Vd2.7\Vd2.7.csproj", "{FCA22C2A-0A38-4852-9BBA-3196F19E04DF}"
EndProject
Global
	GlobalSection(SolutionConfigurationPlatforms) = preSolution
		Debug|Any CPU = Debug|Any CPU
		Release|Any CPU = Release|Any CPU
	EndGlobalSection
	GlobalSection(ProjectConfigurationPlatforms) = postSolution
		{05D1CA17-D6B5-414B-92AE-D25B5A2C0800}.Debug|Any CPU.ActiveCfg = Debug|Any CPU
		{05D1CA17-D6B5-414B-92AE-D25B5A2C0800}.Debug|Any CPU.Build.0 = Debug|Any CPU
		{05D1CA17-D6B5-414B-92AE-D25B5A2C0800}.Release|Any CPU.ActiveCfg = Release|Any CPU
		{05D1CA17-D6B5-414B-92AE-D25B5A2C0800}.Release|Any CPU.Build.0 = Release|Any CPU
		{E7AB0F2F-F478-4FD4-BE8B-1E931431D439}.Debug|Any CPU.ActiveCfg = Debug|Any CPU
		{E7AB0F2F-F478-4FD4-BE8B-1E931431D439}.Debug|Any CPU.Build.0 = Debug|Any CPU
		{E7AB0F2F-F478-4FD4-BE8B-1E931431D439}.Release|Any CPU.ActiveCfg = Release|Any CPU
		{E7AB0F2F-F478-4FD4-BE8B-1E931431D439}.Release|Any CPU.Build.0 = Release|Any CPU
		{6536480A-2AF2-49D4-BCDC-298B9EA1C73E}.Debug|Any CPU.ActiveCfg = Debug|Any CPU
		{6536480A-2AF2-49D4-BCDC-298B9EA1C73E}.Debug|Any CPU.Build.0 = Debug|Any CPU
		{6536480A-2AF2-49D4-BCDC-298B9EA1C73E}.Release|Any CPU.ActiveCfg = Release|Any CPU
		{6536480A-2AF2-49D4-BCDC-298B9EA1C73E}.Release|Any CPU.Build.0 = Release|Any CPU
		{DA8677D0-4518-4EA5-9635-AB0A9191A8E9}.Debug|Any CPU.ActiveCfg = Debug|Any CPU
		{DA8677D0-4518-4EA5-9635-AB0A9191A8E9}.Debug|Any CPU.Build.0 = Debug|Any CPU
		{DA8677D0-4518-4EA5-9635-AB0A9191A8E9}.Release|Any CPU.ActiveCfg = Release|Any CPU
		{DA8677D0-4518-4EA5-9635-AB0A9191A8E9}.Release|Any CPU.Build.0 = Release|Any CPU
		{C50B4EC6-06D7-4B7A-B334-2D95D08DEFBE}.Debug|Any CPU.ActiveCfg = Debug|Any CPU
		{C50B4EC6-06D7-4B7A-B334-2D95D08DEFBE}.Debug|Any CPU.Build.0 = Debug|Any CPU
		{C50B4EC6-06D7-4B7A-B334-2D95D08DEFBE}.Release|Any CPU.ActiveCfg = Release|Any CPU
		{C50B4EC6-06D7-4B7A-B334-2D95D08DEFBE}.Release|Any CPU.Build.0 = Release|Any CPU
		{72E9C155-A2A9-4553-8D58-F5F2A510037C}.Debug|Any CPU.ActiveCfg = Debug|Any CPU
		{72E9C155-A2A9-4553-8D58-F5F2A510037C}.Debug|Any CPU.Build.0 = Debug|Any CPU
		{72E9C155-A2A9-4553-8D58-F5F2A510037C}.Release|Any CPU.ActiveCfg = Release|Any CPU
		{72E9C155-A2A9-4553-8D58-F5F2A510037C}.Release|Any CPU.Build.0 = Release|Any CPU
		{D05B7DB3-330E-42D9-A618-FA5395424C7B}.Debug|Any CPU.ActiveCfg = Debug|Any CPU
		{D05B7DB3-330E-42D9-A618-FA5395424C7B}.Debug|Any CPU.Build.0 = Debug|Any CPU
		{D05B7DB3-330E-42D9-A618-FA5395424C7B}.Release|Any CPU.ActiveCfg = Release|Any CPU
		{D05B7DB3-330E-42D9-A618-FA5395424C7B}.Release|Any CPU.Build.0 = Release|Any CPU
		{6D440989-99DD-4CFF-B1BD-F28B4199C085}.Debug|Any CPU.ActiveCfg = Debug|Any CPU
		{6D440989-99DD-4CFF-B1BD-F28B4199C085}.Debug|Any CPU.Build.0 = Debug|Any CPU
		{6D440989-99DD-4CFF-B1BD-F28B4199C085}.Release|Any CPU.ActiveCfg = Release|Any CPU
		{6D440989-99DD-4CFF-B1BD-F28B4199C085}.Release|Any CPU.Build.0 = Release|Any CPU
		{636D09C4-9A09-4A32-9A39-0A345319690D}.Debug|Any CPU.ActiveCfg = Debug|Any CPU
		{636D09C4-9A09-4A32-9A39-0A345319690D}.Debug|Any CPU.Build.0 = Debug|Any CPU
		{636D09C4-9A09-4A32-9A39-0A345319690D}.Release|Any CPU.ActiveCfg = Release|Any CPU
		{636D09C4-9A09-4A32-9A39-0A345319690D}.Release|Any CPU.Build.0 = Release|Any CPU
		{0BE54012-6659-4FBD-A3ED-657199DD76A2}.Debug|Any CPU.ActiveCfg = Debug|Any CPU
		{0BE54012-6659-4FBD-A3ED-657199DD76A2}.Debug|Any CPU.Build.0 = Debug|Any CPU
		{0BE54012-6659-4FBD-A3ED-657199DD76A2}.Release|Any CPU.ActiveCfg = Release|Any CPU
		{0BE54012-6659-4FBD-A3ED-657199DD76A2}.Release|Any CPU.Build.0 = Release|Any CPU
		{A8DDC0A2-AE95-43D5-B2DD-1AE910AA366D}.Debug|Any CPU.ActiveCfg = Debug|Any CPU
		{A8DDC0A2-AE95-43D5-B2DD-1AE910AA366D}.Debug|Any CPU.Build.0 = Debug|Any CPU
		{A8DDC0A2-AE95-43D5-B2DD-1AE910AA366D}.Release|Any CPU.ActiveCfg = Release|Any CPU
		{A8DDC0A2-AE95-43D5-B2DD-1AE910AA366D}.Release|Any CPU.Build.0 = Release|Any CPU
		{E854C589-C5F6-446E-93DC-635EC24F9F7B}.Debug|Any CPU.ActiveCfg = Debug|Any CPU
		{E854C589-C5F6-446E-93DC-635EC24F9F7B}.Debug|Any CPU.Build.0 = Debug|Any CPU
		{E854C589-C5F6-446E-93DC-635EC24F9F7B}.Release|Any CPU.ActiveCfg = Release|Any CPU
		{E854C589-C5F6-446E-93DC-635EC24F9F7B}.Release|Any CPU.Build.0 = Release|Any CPU
		{FCA22C2A-0A38-4852-9BBA-3196F19E04DF}.Debug|Any CPU.ActiveCfg = Debug|Any CPU
		{FCA22C2A-0A38-4852-9BBA-3196F19E04DF}.Debug|Any CPU.Build.0 = Debug|Any CPU
		{FCA22C2A-0A38-4852-9BBA-3196F19E04DF}.Release|Any CPU.ActiveCfg = Release|Any CPU
		{FCA22C2A-0A38-4852-9BBA-3196F19E04DF}.Release|Any CPU.Build.0 = Release|Any CPU
	EndGlobalSection
	GlobalSection(SolutionProperties) = preSolution
		HideSolutionNode = FALSE
	EndGlobalSection
	GlobalSection(ExtensibilityGlobals) = postSolution
		SolutionGuid = {5B82805C-4A9E-4118-B61C-295D1DBFD612}
	EndGlobalSection
EndGlobal
